Microsoft Visual Studio Solution File, Format Version 12.00
# Visual Studio Version 17
VisualStudioVersion = 17.5.2.0
MinimumVisualStudioVersion = 10.0.40219.1
Project("{FAE04EC0-301F-11D3-BF4B-00C04F79EFBC}") = "DesafioAlgoritmo", "DesafioAlgoritmo.csproj", "{F6914C95-9AF5-91F6-3C20-CE6047D707FA}"
EndProject
Global
	GlobalSection(SolutionConfigurationPlatforms) = preSolution
		Debug|Any CPU = Debug|Any CPU
		Release|Any CPU = Release|Any CPU
	EndGlobalSection
	GlobalSection(ProjectConfigurationPlatforms) = postSolution
		{F6914C95-9AF5-91F6-3C20-CE6047D707FA}.Debug|Any CPU.ActiveCfg = Debug|Any CPU
		{F6914C95-9AF5-91F6-3C20-CE6047D707FA}.Debug|Any CPU.Build.0 = Debug|Any CPU
		{F6914C95-9AF5-91F6-3C20-CE6047D707FA}.Release|Any CPU.ActiveCfg = Release|Any CPU
		{F6914C95-9AF5-91F6-3C20-CE6047D707FA}.Release|Any CPU.Build.0 = Release|Any CPU
	EndGlobalSection
	GlobalSection(SolutionProperties) = preSolution
		HideSolutionNode = FALSE
	EndGlobalSection
	GlobalSection(ExtensibilityGlobals) = postSolution
		SolutionGuid = {74BE97BF-1BA4-4B68-B9D3-8CB89373C23A}
	EndGlobalSection
EndGlobal
